
Microsoft Visual Studio Solution File, Format Version 12.00
# Visual Studio 2013
VisualStudioVersion = 12.0.31101.0
MinimumVisualStudioVersion = 10.0.40219.1
Project("{FAE04EC0-301F-11D3-BF4B-00C04F79EFBC}") = "AngularJSAuthentication.API", "AngularJSAuthentication.API\AngularJSAuthentication.API.csproj", "{23DFCFD5-B158-4C0D-9C31-5E9CB64C64CF}"
EndProject
Project("{FAE04EC0-301F-11D3-BF4B-00C04F79EFBC}") = "AngularJSAuthentication.Web", "AngularJSAuthentication.Web\AngularJSAuthentication.Web.csproj", "{E4156422-2684-4222-95C2-4B9AE4CBA7E3}"
EndProject
Project("{FAE04EC0-301F-11D3-BF4B-00C04F79EFBC}") = "AngularJSAuthentication.ResourceServer", "AngularJSAuthentication.ResourceServer\AngularJSAuthentication.ResourceServer.csproj", "{69BC6280-CF91-409C-81BF-28B95417ACBF}"
EndProject
Project("{FAE04EC0-301F-11D3-BF4B-00C04F79EFBC}") = "AngularJSAuthentication.Data", "AngularJSAuthentication.Data\AngularJSAuthentication.Data.csproj", "{9D912007-3C1B-4EA6-9B34-6FADD48B5BA2}"
EndProject
Project("{FAE04EC0-301F-11D3-BF4B-00C04F79EFBC}") = "AngularJSAuthentication.Data.Test", "AngularJSAuthentication.Data.Test\AngularJSAuthentication.Data.Test.csproj", "{35BC61BD-3288-4A0A-8A9A-79BE68A46864}"
EndProject
Project("{FAE04EC0-301F-11D3-BF4B-00C04F79EFBC}") = "AngularJSAuthentication.Common", "AngularJSAuthentication.Common\AngularJSAuthentication.Common.csproj", "{D034B7F2-A930-447D-A803-17D798600ED7}"
EndProject
Project("{2150E333-8FDC-42A3-9474-1A3956D46DE8}") = "Queries", "Queries", "{85BF744F-FB9F-4AC6-9225-B6FA9F5C69ED}"
	ProjectSection(SolutionItems) = preProject
		Queries\client.js = Queries\client.js
	EndProjectSection
EndProject
Project("{2150E333-8FDC-42A3-9474-1A3956D46DE8}") = "Documents", "Documents", "{0300B53D-861C-424F-BB5B-E0F453CFD669}"
	ProjectSection(SolutionItems) = preProject
		Documents\Notes.txt = Documents\Notes.txt
	EndProjectSection
EndProject
Project("{FAE04EC0-301F-11D3-BF4B-00C04F79EFBC}") = "AngularJSAuthentication.Glass", "AngularJSAuthentication.Glass\AngularJSAuthentication.Glass.csproj", "{94C8AC83-18E6-4D0E-9EE4-FA12580E4083}"
EndProject
Global
	GlobalSection(SolutionConfigurationPlatforms) = preSolution
		Debug|Any CPU = Debug|Any CPU
		Release|Any CPU = Release|Any CPU
	EndGlobalSection
	GlobalSection(ProjectConfigurationPlatforms) = postSolution
		{23DFCFD5-B158-4C0D-9C31-5E9CB64C64CF}.Debug|Any CPU.ActiveCfg = Debug|Any CPU
		{23DFCFD5-B158-4C0D-9C31-5E9CB64C64CF}.Debug|Any CPU.Build.0 = Debug|Any CPU
		{23DFCFD5-B158-4C0D-9C31-5E9CB64C64CF}.Release|Any CPU.ActiveCfg = Release|Any CPU
		{23DFCFD5-B158-4C0D-9C31-5E9CB64C64CF}.Release|Any CPU.Build.0 = Release|Any CPU
		{E4156422-2684-4222-95C2-4B9AE4CBA7E3}.Debug|Any CPU.ActiveCfg = Debug|Any CPU
		{E4156422-2684-4222-95C2-4B9AE4CBA7E3}.Debug|Any CPU.Build.0 = Debug|Any CPU
		{E4156422-2684-4222-95C2-4B9AE4CBA7E3}.Release|Any CPU.ActiveCfg = Release|Any CPU
		{E4156422-2684-4222-95C2-4B9AE4CBA7E3}.Release|Any CPU.Build.0 = Release|Any CPU
		{69BC6280-CF91-409C-81BF-28B95417ACBF}.Debug|Any CPU.ActiveCfg = Debug|Any CPU
		{69BC6280-CF91-409C-81BF-28B95417ACBF}.Debug|Any CPU.Build.0 = Debug|Any CPU
		{69BC6280-CF91-409C-81BF-28B95417ACBF}.Release|Any CPU.ActiveCfg = Release|Any CPU
		{69BC6280-CF91-409C-81BF-28B95417ACBF}.Release|Any CPU.Build.0 = Release|Any CPU
		{9D912007-3C1B-4EA6-9B34-6FADD48B5BA2}.Debug|Any CPU.ActiveCfg = Debug|Any CPU
		{9D912007-3C1B-4EA6-9B34-6FADD48B5BA2}.Debug|Any CPU.Build.0 = Debug|Any CPU
		{9D912007-3C1B-4EA6-9B34-6FADD48B5BA2}.Release|Any CPU.ActiveCfg = Release|Any CPU
		{9D912007-3C1B-4EA6-9B34-6FADD48B5BA2}.Release|Any CPU.Build.0 = Release|Any CPU
		{35BC61BD-3288-4A0A-8A9A-79BE68A46864}.Debug|Any CPU.ActiveCfg = Debug|Any CPU
		{35BC61BD-3288-4A0A-8A9A-79BE68A46864}.Debug|Any CPU.Build.0 = Debug|Any CPU
		{35BC61BD-3288-4A0A-8A9A-79BE68A46864}.Release|Any CPU.ActiveCfg = Release|Any CPU
		{35BC61BD-3288-4A0A-8A9A-79BE68A46864}.Release|Any CPU.Build.0 = Release|Any CPU
		{D034B7F2-A930-447D-A803-17D798600ED7}.Debug|Any CPU.ActiveCfg = Debug|Any CPU
		{D034B7F2-A930-447D-A803-17D798600ED7}.Debug|Any CPU.Build.0 = Debug|Any CPU
		{D034B7F2-A930-447D-A803-17D798600ED7}.Release|Any CPU.ActiveCfg = Release|Any CPU
		{D034B7F2-A930-447D-A803-17D798600ED7}.Release|Any CPU.Build.0 = Release|Any CPU
		{94C8AC83-18E6-4D0E-9EE4-FA12580E4083}.Debug|Any CPU.ActiveCfg = Debug|Any CPU
		{94C8AC83-18E6-4D0E-9EE4-FA12580E4083}.Debug|Any CPU.Build.0 = Debug|Any CPU
		{94C8AC83-18E6-4D0E-9EE4-FA12580E4083}.Release|Any CPU.ActiveCfg = Release|Any CPU
		{94C8AC83-18E6-4D0E-9EE4-FA12580E4083}.Release|Any CPU.Build.0 = Release|Any CPU
	EndGlobalSection
	GlobalSection(SolutionProperties) = preSolution
		HideSolutionNode = FALSE
	EndGlobalSection
EndGlobal
